// !$*UTF8*$!
{
	archiveVersion = 1;
	classes = {
	};
	objectVersion = 46;
	objects = {

/* Begin PBXBuildFile section */
		2209554A19522965003C7BD6 /* Foundation.framework in Frameworks */ = {isa = PBXBuildFile; fileRef = 2209554919522965003C7BD6 /* Foundation.framework */; };
		2209554C19522965003C7BD6 /* CoreGraphics.framework in Frameworks */ = {isa = PBXBuildFile; fileRef = 2209554B19522965003C7BD6 /* CoreGraphics.framework */; };
		2209554E19522965003C7BD6 /* UIKit.framework in Frameworks */ = {isa = PBXBuildFile; fileRef = 2209554D19522965003C7BD6 /* UIKit.framework */; };
		2209555419522965003C7BD6 /* InfoPlist.strings in Resources */ = {isa = PBXBuildFile; fileRef = 2209555219522965003C7BD6 /* InfoPlist.strings */; };
		2209555619522965003C7BD6 /* main.m in Sources */ = {isa = PBXBuildFile; fileRef = 2209555519522965003C7BD6 /* main.m */; };
		2209555A19522965003C7BD6 /* AppDelegate.m in Sources */ = {isa = PBXBuildFile; fileRef = 2209555919522965003C7BD6 /* AppDelegate.m */; };
		2209555C19522965003C7BD6 /* Images.xcassets in Resources */ = {isa = PBXBuildFile; fileRef = 2209555B19522965003C7BD6 /* Images.xcassets */; };
		2209556319522965003C7BD6 /* XCTest.framework in Frameworks */ = {isa = PBXBuildFile; fileRef = 2209556219522965003C7BD6 /* XCTest.framework */; };
		2209556419522965003C7BD6 /* Foundation.framework in Frameworks */ = {isa = PBXBuildFile; fileRef = 2209554919522965003C7BD6 /* Foundation.framework */; };
		2209556519522965003C7BD6 /* UIKit.framework in Frameworks */ = {isa = PBXBuildFile; fileRef = 2209554D19522965003C7BD6 /* UIKit.framework */; };
		2209556D19522965003C7BD6 /* InfoPlist.strings in Resources */ = {isa = PBXBuildFile; fileRef = 2209556B19522965003C7BD6 /* InfoPlist.strings */; };
		2209556F19522965003C7BD6 /* CRPixellatedViewDemoTests.m in Sources */ = {isa = PBXBuildFile; fileRef = 2209556E19522965003C7BD6 /* CRPixellatedViewDemoTests.m */; };
		2209557B1952296B003C7BD6 /* CRPixellatedView.m in Sources */ = {isa = PBXBuildFile; fileRef = 2209557A1952296B003C7BD6 /* CRPixellatedView.m */; };
		2209557E1952297E003C7BD6 /* DemoViewController.m in Sources */ = {isa = PBXBuildFile; fileRef = 2209557D1952297E003C7BD6 /* DemoViewController.m */; };
/* End PBXBuildFile section */

/* Begin PBXContainerItemProxy section */
		2209556619522965003C7BD6 /* PBXContainerItemProxy */ = {
			isa = PBXContainerItemProxy;
			containerPortal = 2209553E19522965003C7BD6 /* Project object */;
			proxyType = 1;
			remoteGlobalIDString = 2209554519522965003C7BD6;
			remoteInfo = CRPixellatedViewDemo;
		};
/* End PBXContainerItemProxy section */

/* Begin PBXFileReference section */
		2209554619522965003C7BD6 /* CRPixellatedViewDemo.app */ = {isa = PBXFileReference; explicitFileType = wrapper.application; includeInIndex = 0; path = CRPixellatedViewDemo.app; sourceTree = BUILT_PRODUCTS_DIR; };
		2209554919522965003C7BD6 /* Foundation.framework */ = {isa = PBXFileReference; lastKnownFileType = wrapper.framework; name = Foundation.framework; path = System/Library/Frameworks/Foundation.framework; sourceTree = SDKROOT; };
		2209554B19522965003C7BD6 /* CoreGraphics.framework */ = {isa = PBXFileReference; lastKnownFileType = wrapper.framework; name = CoreGraphics.framework; path = System/Library/Frameworks/CoreGraphics.framework; sourceTree = SDKROOT; };
		2209554D19522965003C7BD6 /* UIKit.framework */ = {isa = PBXFileReference; lastKnownFileType = wrapper.framework; name = UIKit.framework; path = System/Library/Frameworks/UIKit.framework; sourceTree = SDKROOT; };
		2209555119522965003C7BD6 /* CRPixellatedViewDemo-Info.plist */ = {isa = PBXFileReference; lastKnownFileType = text.plist.xml; path = "CRPixellatedViewDemo-Info.plist"; sourceTree = "<group>"; };
		2209555319522965003C7BD6 /* en */ = {isa = PBXFileReference; lastKnownFileType = text.plist.strings; name = en; path = en.lproj/InfoPlist.strings; sourceTree = "<group>"; };
		2209555519522965003C7BD6 /* main.m */ = {isa = PBXFileReference; lastKnownFileType = sourcecode.c.objc; path = main.m; sourceTree = "<group>"; };
		2209555719522965003C7BD6 /* CRPixellatedViewDemo-Prefix.pch */ = {isa = PBXFileReference; lastKnownFileType = sourcecode.c.h; path = "CRPixellatedViewDemo-Prefix.pch"; sourceTree = "<group>"; };
		2209555819522965003C7BD6 /* AppDelegate.h */ = {isa = PBXFileReference; lastKnownFileType = sourcecode.c.h; path = AppDelegate.h; sourceTree = "<group>"; };
		2209555919522965003C7BD6 /* AppDelegate.m */ = {isa = PBXFileReference; lastKnownFileType = sourcecode.c.objc; path = AppDelegate.m; sourceTree = "<group>"; };
		2209555B19522965003C7BD6 /* Images.xcassets */ = {isa = PBXFileReference; lastKnownFileType = folder.assetcatalog; path = Images.xcassets; sourceTree = "<group>"; };
		2209556119522965003C7BD6 /* CRPixellatedViewDemoTests.xctest */ = {isa = PBXFileReference; explicitFileType = wrapper.cfbundle; includeInIndex = 0; path = CRPixellatedViewDemoTests.xctest; sourceTree = BUILT_PRODUCTS_DIR; };
		2209556219522965003C7BD6 /* XCTest.framework */ = {isa = PBXFileReference; lastKnownFileType = wrapper.framework; name = XCTest.framework; path = Library/Frameworks/XCTest.framework; sourceTree = DEVELOPER_DIR; };
		2209556A19522965003C7BD6 /* CRPixellatedViewDemoTests-Info.plist */ = {isa = PBXFileReference; lastKnownFileType = text.plist.xml; path = "CRPixellatedViewDemoTests-Info.plist"; sourceTree = "<group>"; };
		2209556C19522965003C7BD6 /* en */ = {isa = PBXFileReference; lastKnownFileType = text.plist.strings; name = en; path = en.lproj/InfoPlist.strings; sourceTree = "<group>"; };
		2209556E19522965003C7BD6 /* CRPixellatedViewDemoTests.m */ = {isa = PBXFileReference; lastKnownFileType = sourcecode.c.objc; path = CRPixellatedViewDemoTests.m; sourceTree = "<group>"; };
		220955791952296B003C7BD6 /* CRPixellatedView.h */ = {isa = PBXFileReference; fileEncoding = 4; lastKnownFileType = sourcecode.c.h; path = CRPixellatedView.h; sourceTree = "<group>"; };
		2209557A1952296B003C7BD6 /* CRPixellatedView.m */ = {isa = PBXFileReference; fileEncoding = 4; lastKnownFileType = sourcecode.c.objc; path = CRPixellatedView.m; sourceTree = "<group>"; };
		2209557C1952297E003C7BD6 /* DemoViewController.h */ = {isa = PBXFileReference; fileEncoding = 4; lastKnownFileType = sourcecode.c.h; path = DemoViewController.h; sourceTree = "<group>"; };
		2209557D1952297E003C7BD6 /* DemoViewController.m */ = {isa = PBXFileReference; fileEncoding = 4; lastKnownFileType = sourcecode.c.objc; path = DemoViewController.m; sourceTree = "<group>"; };
/* End PBXFileReference section */

/* Begin PBXFrameworksBuildPhase section */
		2209554319522965003C7BD6 /* Frameworks */ = {
			isa = PBXFrameworksBuildPhase;
			buildActionMask = 2147483647;
			files = (
				2209554C19522965003C7BD6 /* CoreGraphics.framework in Frameworks */,
				2209554E19522965003C7BD6 /* UIKit.framework in Frameworks */,
				2209554A19522965003C7BD6 /* Foundation.framework in Frameworks */,
			);
			runOnlyForDeploymentPostprocessing = 0;
		};
		2209555E19522965003C7BD6 /* Frameworks */ = {
			isa = PBXFrameworksBuildPhase;
			buildActionMask = 2147483647;
			files = (
				2209556319522965003C7BD6 /* XCTest.framework in Frameworks */,
				2209556519522965003C7BD6 /* UIKit.framework in Frameworks */,
				2209556419522965003C7BD6 /* Foundation.framework in Frameworks */,
			);
			runOnlyForDeploymentPostprocessing = 0;
		};
/* End PBXFrameworksBuildPhase section */

/* Begin PBXGroup section */
		2209553D19522965003C7BD6 = {
			isa = PBXGroup;
			children = (
				220955781952296B003C7BD6 /* CRPixellatedView */,
				2209554F19522965003C7BD6 /* CRPixellatedViewDemo */,
				2209556819522965003C7BD6 /* CRPixellatedViewDemoTests */,
				2209554819522965003C7BD6 /* Frameworks */,
				2209554719522965003C7BD6 /* Products */,
			);
			sourceTree = "<group>";
		};
		2209554719522965003C7BD6 /* Products */ = {
			isa = PBXGroup;
			children = (
				2209554619522965003C7BD6 /* CRPixellatedViewDemo.app */,
				2209556119522965003C7BD6 /* CRPixellatedViewDemoTests.xctest */,
			);
			name = Products;
			sourceTree = "<group>";
		};
		2209554819522965003C7BD6 /* Frameworks */ = {
			isa = PBXGroup;
			children = (
				2209554919522965003C7BD6 /* Foundation.framework */,
				2209554B19522965003C7BD6 /* CoreGraphics.framework */,
				2209554D19522965003C7BD6 /* UIKit.framework */,
				2209556219522965003C7BD6 /* XCTest.framework */,
			);
			name = Frameworks;
			sourceTree = "<group>";
		};
		2209554F19522965003C7BD6 /* CRPixellatedViewDemo */ = {
			isa = PBXGroup;
			children = (
				2209555819522965003C7BD6 /* AppDelegate.h */,
				2209555919522965003C7BD6 /* AppDelegate.m */,
				2209557C1952297E003C7BD6 /* DemoViewController.h */,
				2209557D1952297E003C7BD6 /* DemoViewController.m */,
				2209555B19522965003C7BD6 /* Images.xcassets */,
				2209555019522965003C7BD6 /* Supporting Files */,
			);
			path = CRPixellatedViewDemo;
			sourceTree = "<group>";
		};
		2209555019522965003C7BD6 /* Supporting Files */ = {
			isa = PBXGroup;
			children = (
				2209555119522965003C7BD6 /* CRPixellatedViewDemo-Info.plist */,
				2209555219522965003C7BD6 /* InfoPlist.strings */,
				2209555519522965003C7BD6 /* main.m */,
				2209555719522965003C7BD6 /* CRPixellatedViewDemo-Prefix.pch */,
			);
			name = "Supporting Files";
			sourceTree = "<group>";
		};
		2209556819522965003C7BD6 /* CRPixellatedViewDemoTests */ = {
			isa = PBXGroup;
			children = (
				2209556E19522965003C7BD6 /* CRPixellatedViewDemoTests.m */,
				2209556919522965003C7BD6 /* Supporting Files */,
			);
			path = CRPixellatedViewDemoTests;
			sourceTree = "<group>";
		};
		2209556919522965003C7BD6 /* Supporting Files */ = {
			isa = PBXGroup;
			children = (
				2209556A19522965003C7BD6 /* CRPixellatedViewDemoTests-Info.plist */,
				2209556B19522965003C7BD6 /* InfoPlist.strings */,
			);
			name = "Supporting Files";
			sourceTree = "<group>";
		};
		220955781952296B003C7BD6 /* CRPixellatedView */ = {
			isa = PBXGroup;
			children = (
				220955791952296B003C7BD6 /* CRPixellatedView.h */,
				2209557A1952296B003C7BD6 /* CRPixellatedView.m */,
			);
			name = CRPixellatedView;
			path = ../CRPixellatedView;
			sourceTree = "<group>";
		};
/* End PBXGroup section */

/* Begin PBXNativeTarget section */
		2209554519522965003C7BD6 /* CRPixellatedViewDemo */ = {
			isa = PBXNativeTarget;
			buildConfigurationList = 2209557219522965003C7BD6 /* Build configuration list for PBXNativeTarget "CRPixellatedViewDemo" */;
			buildPhases = (
				2209554219522965003C7BD6 /* Sources */,
				2209554319522965003C7BD6 /* Frameworks */,
				2209554419522965003C7BD6 /* Resources */,
			);
			buildRules = (
			);
			dependencies = (
			);
			name = CRPixellatedViewDemo;
			productName = CRPixellatedViewDemo;
			productReference = 2209554619522965003C7BD6 /* CRPixellatedViewDemo.app */;
			productType = "com.apple.product-type.application";
		};
		2209556019522965003C7BD6 /* CRPixellatedViewDemoTests */ = {
			isa = PBXNativeTarget;
			buildConfigurationList = 2209557519522965003C7BD6 /* Build configuration list for PBXNativeTarget "CRPixellatedViewDemoTests" */;
			buildPhases = (
				2209555D19522965003C7BD6 /* Sources */,
				2209555E19522965003C7BD6 /* Frameworks */,
				2209555F19522965003C7BD6 /* Resources */,
			);
			buildRules = (
			);
			dependencies = (
				2209556719522965003C7BD6 /* PBXTargetDependency */,
			);
			name = CRPixellatedViewDemoTests;
			productName = CRPixellatedViewDemoTests;
			productReference = 2209556119522965003C7BD6 /* CRPixellatedViewDemoTests.xctest */;
			productType = "com.apple.product-type.bundle.unit-test";
		};
/* End PBXNativeTarget section */

/* Begin PBXProject section */
		2209553E19522965003C7BD6 /* Project object */ = {
			isa = PBXProject;
			attributes = {
				LastUpgradeCheck = 0510;
				ORGANIZATIONNAME = "Christian Roman";
				TargetAttributes = {
					2209556019522965003C7BD6 = {
						TestTargetID = 2209554519522965003C7BD6;
					};
				};
			};
			buildConfigurationList = 2209554119522965003C7BD6 /* Build configuration list for PBXProject "CRPixellatedViewDemo" */;
			compatibilityVersion = "Xcode 3.2";
			developmentRegion = English;
			hasScannedForEncodings = 0;
			knownRegions = (
				en,
			);
			mainGroup = 2209553D19522965003C7BD6;
			productRefGroup = 2209554719522965003C7BD6 /* Products */;
			projectDirPath = "";
			projectRoot = "";
			targets = (
				2209554519522965003C7BD6 /* CRPixellatedViewDemo */,
				2209556019522965003C7BD6 /* CRPixellatedViewDemoTests */,
			);
		};
/* End PBXProject section */

/* Begin PBXResourcesBuildPhase section */
		2209554419522965003C7BD6 /* Resources */ = {
			isa = PBXResourcesBuildPhase;
			buildActionMask = 2147483647;
			files = (
				2209555419522965003C7BD6 /* InfoPlist.strings in Resources */,
				2209555C19522965003C7BD6 /* Images.xcassets in Resources */,
			);
			runOnlyForDeploymentPostprocessing = 0;
		};
		2209555F19522965003C7BD6 /* Resources */ = {
			isa = PBXResourcesBuildPhase;
			buildActionMask = 2147483647;
			files = (
				2209556D19522965003C7BD6 /* InfoPlist.strings in Resources */,
			);
			runOnlyForDeploymentPostprocessing = 0;
		};
/* End PBXResourcesBuildPhase section */

/* Begin PBXSourcesBuildPhase section */
		2209554219522965003C7BD6 /* Sources */ = {
			isa = PBXSourcesBuildPhase;
			buildActionMask = 2147483647;
			files = (
				2209555A19522965003C7BD6 /* AppDelegate.m in Sources */,
				2209557B1952296B003C7BD6 /* CRPixellatedView.m in Sources */,
				2209555619522965003C7BD6 /* main.m in Sources */,
				2209557E1952297E003C7BD6 /* DemoViewController.m in Sources */,
			);
			runOnlyForDeploymentPostprocessing = 0;
		};
		2209555D19522965003C7BD6 /* Sources */ = {
			isa = PBXSourcesBuildPhase;
			buildActionMask = 2147483647;
			files = (
				2209556F19522965003C7BD6 /* CRPixellatedViewDemoTests.m in Sources */,
			);
			runOnlyForDeploymentPostprocessing = 0;
		};
/* End PBXSourcesBuildPhase section */

/* Begin PBXTargetDependency section */
		2209556719522965003C7BD6 /* PBXTargetDependency */ = {
			isa = PBXTargetDependency;
			target = 2209554519522965003C7BD6 /* CRPixellatedViewDemo */;
			targetProxy = 2209556619522965003C7BD6 /* PBXContainerItemProxy */;
		};
/* End PBXTargetDependency section */

/* Begin PBXVariantGroup section */
		2209555219522965003C7BD6 /* InfoPlist.strings */ = {
			isa = PBXVariantGroup;
			children = (
				2209555319522965003C7BD6 /* en */,
			);
			name = InfoPlist.strings;
			sourceTree = "<group>";
		};
		2209556B19522965003C7BD6 /* InfoPlist.strings */ = {
			isa = PBXVariantGroup;
			children = (
				2209556C19522965003C7BD6 /* en */,
			);
			name = InfoPlist.strings;
			sourceTree = "<group>";
		};
/* End PBXVariantGroup section */

/* Begin XCBuildConfiguration section */
		2209557019522965003C7BD6 /* Debug */ = {
			isa = XCBuildConfiguration;
			buildSettings = {
				ALWAYS_SEARCH_USER_PATHS = NO;
				CLANG_CXX_LANGUAGE_STANDARD = "gnu++0x";
				CLANG_CXX_LIBRARY = "libc++";
				CLANG_ENABLE_MODULES = YES;
				CLANG_ENABLE_OBJC_ARC = YES;
				CLANG_WARN_BOOL_CONVERSION = YES;
				CLANG_WARN_CONSTANT_CONVERSION = YES;
				CLANG_WARN_DIRECT_OBJC_ISA_USAGE = YES_ERROR;
				CLANG_WARN_EMPTY_BODY = YES;
				CLANG_WARN_ENUM_CONVERSION = YES;
				CLANG_WARN_INT_CONVERSION = YES;
				CLANG_WARN_OBJC_ROOT_CLASS = YES_ERROR;
				CLANG_WARN__DUPLICATE_METHOD_MATCH = YES;
				"CODE_SIGN_IDENTITY[sdk=iphoneos*]" = "iPhone Developer";
				COPY_PHASE_STRIP = NO;
				GCC_C_LANGUAGE_STANDARD = gnu99;
				GCC_DYNAMIC_NO_PIC = NO;
				GCC_OPTIMIZATION_LEVEL = 0;
				GCC_PREPROCESSOR_DEFINITIONS = (
					"DEBUG=1",
					"$(inherited)",
				);
				GCC_SYMBOLS_PRIVATE_EXTERN = NO;
				GCC_WARN_64_TO_32_BIT_CONVERSION = YES;
				GCC_WARN_ABOUT_RETURN_TYPE = YES_ERROR;
				GCC_WARN_UNDECLARED_SELECTOR = YES;
				GCC_WARN_UNINITIALIZED_AUTOS = YES_AGGRESSIVE;
				GCC_WARN_UNUSED_FUNCTION = YES;
				GCC_WARN_UNUSED_VARIABLE = YES;
				IPHONEOS_DEPLOYMENT_TARGET = 7.1;
				ONLY_ACTIVE_ARCH = YES;
				SDKROOT = iphoneos;
			};
			name = Debug;
		};
		2209557119522965003C7BD6 /* Release */ = {
			isa = XCBuildConfiguration;
			buildSettings = {
				ALWAYS_SEARCH_USER_PATHS = NO;
				CLANG_CXX_LANGUAGE_STANDARD = "gnu++0x";
				CLANG_CXX_LIBRARY = "libc++";
				CLANG_ENABLE_MODULES = YES;
				CLANG_ENABLE_OBJC_ARC = YES;
				CLANG_WARN_BOOL_CONVERSION = YES;
				CLANG_WARN_CONSTANT_CONVERSION = YES;
				CLANG_WARN_DIRECT_OBJC_ISA_USAGE = YES_ERROR;
				CLANG_WARN_EMPTY_BODY = YES;
				CLANG_WARN_ENUM_CONVERSION = YES;
				CLANG_WARN_INT_CONVERSION = YES;
				CLANG_WARN_OBJC_ROOT_CLASS = YES_ERROR;
				CLANG_WARN__DUPLICATE_METHOD_MATCH = YES;
				"CODE_SIGN_IDENTITY[sdk=iphoneos*]" = "iPhone Developer";
				COPY_PHASE_STRIP = YES;
				ENABLE_NS_ASSERTIONS = NO;
				GCC_C_LANGUAGE_STANDARD = gnu99;
				GCC_WARN_64_TO_32_BIT_CONVERSION = YES;
				GCC_WARN_ABOUT_RETURN_TYPE = YES_ERROR;
				GCC_WARN_UNDECLARED_SELECTOR = YES;
				GCC_WARN_UNINITIALIZED_AUTOS = YES_AGGRESSIVE;
				GCC_WARN_UNUSED_FUNCTION = YES;
				GCC_WARN_UNUSED_VARIABLE = YES;
				IPHONEOS_DEPLOYMENT_TARGET = 7.1;
				SDKROOT = iphoneos;
				VALIDATE_PRODUCT = YES;
			};
			name = Release;
		};
		2209557319522965003C7BD6 /* Debug */ = {
			isa = XCBuildConfiguration;
			buildSettings = {
				ASSETCATALOG_COMPILER_APPICON_NAME = AppIcon;
				ASSETCATALOG_COMPILER_LAUNCHIMAGE_NAME = LaunchImage;
				GCC_PRECOMPILE_PREFIX_HEADER = YES;
				GCC_PREFIX_HEADER = "CRPixellatedViewDemo/CRPixellatedViewDemo-Prefix.pch";
				INFOPLIST_FILE = "CRPixellatedViewDemo/CRPixellatedViewDemo-Info.plist";
				PRODUCT_NAME = "$(TARGET_NAME)";
				WRAPPER_EXTENSION = app;
			};
			name = Debug;
		};
		2209557419522965003C7BD6 /* Release */ = {
			isa = XCBuildConfiguration;
			buildSettings = {
				ASSETCATALOG_COMPILER_APPICON_NAME = AppIcon;
				ASSETCATALOG_COMPILER_LAUNCHIMAGE_NAME = LaunchImage;
				GCC_PRECOMPILE_PREFIX_HEADER = YES;
				GCC_PREFIX_HEADER = "CRPixellatedViewDemo/CRPixellatedViewDemo-Prefix.pch";
				INFOPLIST_FILE = "CRPixellatedViewDemo/CRPixellatedViewDemo-Info.plist";
				PRODUCT_NAME = "$(TARGET_NAME)";
				WRAPPER_EXTENSION = app;
			};
			name = Release;
		};
		2209557619522965003C7BD6 /* Debug */ = {
			isa = XCBuildConfiguration;
			buildSettings = {
				BUNDLE_LOADER = "$(BUILT_PRODUCTS_DIR)/CRPixellatedViewDemo.app/CRPixellatedViewDemo";
				FRAMEWORK_SEARCH_PATHS = (
					"$(SDKROOT)/Developer/Library/Frameworks",
					"$(inherited)",
					"$(DEVELOPER_FRAMEWORKS_DIR)",
				);
				GCC_PRECOMPILE_PREFIX_HEADER = YES;
				GCC_PREFIX_HEADER = "CRPixellatedViewDemo/CRPixellatedViewDemo-Prefix.pch";
				GCC_PREPROCESSOR_DEFINITIONS = (
					"DEBUG=1",
					"$(inherited)",
				);
				INFOPLIST_FILE = "CRPixellatedViewDemoTests/CRPixellatedViewDemoTests-Info.plist";
				PRODUCT_NAME = "$(TARGET_NAME)";
				TEST_HOST = "$(BUNDLE_LOADER)";
				WRAPPER_EXTENSION = xctest;
			};
			name = Debug;
		};
		2209557719522965003C7BD6 /* Release */ = {
			isa = XCBuildConfiguration;
			buildSettings = {
				BUNDLE_LOADER = "$(BUILT_PRODUCTS_DIR)/CRPixellatedViewDemo.app/CRPixellatedViewDemo";
				FRAMEWORK_SEARCH_PATHS = (
					"$(SDKROOT)/Developer/Library/Frameworks",
					"$(inherited)",
					"$(DEVELOPER_FRAMEWORKS_DIR)",
				);
				GCC_PRECOMPILE_PREFIX_HEADER = YES;
				GCC_PREFIX_HEADER = "CRPixellatedViewDemo/CRPixellatedViewDemo-Prefix.pch";
				INFOPLIST_FILE = "CRPixellatedViewDemoTests/CRPixellatedViewDemoTests-Info.plist";
				PRODUCT_NAME = "$(TARGET_NAME)";
				TEST_HOST = "$(BUNDLE_LOADER)";
				WRAPPER_EXTENSION = xctest;
			};
			name = Release;
		};
/* End XCBuildConfiguration section */

/* Begin XCConfigurationList section */
		2209554119522965003C7BD6 /* Build configuration list for PBXProject "CRPixellatedViewDemo" */ = {
			isa = XCConfigurationList;
			buildConfigurations = (
				2209557019522965003C7BD6 /* Debug */,
				2209557119522965003C7BD6 /* Release */,
			);
			defaultConfigurationIsVisible = 0;
			defaultConfigurationName = Release;
		};
		2209557219522965003C7BD6 /* Build configuration list for PBXNativeTarget "CRPixellatedViewDemo" */ = {
			isa = XCConfigurationList;
			buildConfigurations = (
				2209557319522965003C7BD6 /* Debug */,
				2209557419522965003C7BD6 /* Release */,
			);
			defaultConfigurationIsVisible = 0;
		};
		2209557519522965003C7BD6 /* Build configuration list for PBXNativeTarget "CRPixellatedViewDemoTests" */ = {
			isa = XCConfigurationList;
			buildConfigurations = (
				2209557619522965003C7BD6 /* Debug */,
				2209557719522965003C7BD6 /* Release */,
			);
			defaultConfigurationIsVisible = 0;
		};
/* End XCConfigurationList section */
	};
	rootObject = 2209553E19522965003C7BD6 /* Project object */;
}
